
Microsoft Visual Studio Solution File, Format Version 12.00
# Visual Studio Version 17
VisualStudioVersion = 17.7.34024.191
MinimumVisualStudioVersion = 10.0.40219.1
Project("{9A19103F-16F7-4668-BE54-9A1E7A4F7556}") = "ci-cd-demo", "ci-cd-demo\ci-cd-demo.csproj", "{17B779BC-4C71-44F5-B187-49D939E8F9DA}"
EndProject
Project("{2150E333-8FDC-42A3-9474-1A3956D46DE8}") = "Solution Items", "Solution Items", "{075C8A80-3091-439C-A75E-7B7003C9EDF1}"
	ProjectSection(SolutionItems) = preProject
		deployment.yml = deployment.yml
	EndProjectSection
EndProject
Project("{FAE04EC0-301F-11D3-BF4B-00C04F79EFBC}") = "ci-cd-demo.Tests", "ci-cd-demo.Tests\ci-cd-demo.Tests.csproj", "{4BB0E02E-5482-4316-8481-52266D65DD4D}"
EndProject
Global
	GlobalSection(SolutionConfigurationPlatforms) = preSolution
		Debug|Any CPU = Debug|Any CPU
		Release|Any CPU = Release|Any CPU
	EndGlobalSection
	GlobalSection(ProjectConfigurationPlatforms) = postSolution
		{17B779BC-4C71-44F5-B187-49D939E8F9DA}.Debug|Any CPU.ActiveCfg = Debug|Any CPU
		{17B779BC-4C71-44F5-B187-49D939E8F9DA}.Debug|Any CPU.Build.0 = Debug|Any CPU
		{17B779BC-4C71-44F5-B187-49D939E8F9DA}.Release|Any CPU.ActiveCfg = Release|Any CPU
		{17B779BC-4C71-44F5-B187-49D939E8F9DA}.Release|Any CPU.Build.0 = Release|Any CPU
		{4BB0E02E-5482-4316-8481-52266D65DD4D}.Debug|Any CPU.ActiveCfg = Debug|Any CPU
		{4BB0E02E-5482-4316-8481-52266D65DD4D}.Debug|Any CPU.Build.0 = Debug|Any CPU
		{4BB0E02E-5482-4316-8481-52266D65DD4D}.Release|Any CPU.ActiveCfg = Release|Any CPU
		{4BB0E02E-5482-4316-8481-52266D65DD4D}.Release|Any CPU.Build.0 = Release|Any CPU
	EndGlobalSection
	GlobalSection(SolutionProperties) = preSolution
		HideSolutionNode = FALSE
	EndGlobalSection
	GlobalSection(ExtensibilityGlobals) = postSolution
		SolutionGuid = {C20B0201-5842-4387-81DE-2A5039F9DAF5}
	EndGlobalSection
EndGlobal
